
Microsoft Visual Studio Solution File, Format Version 12.00
# Visual Studio 2013
VisualStudioVersion = 12.0.31101.0
MinimumVisualStudioVersion = 10.0.40219.1
Project("{FAE04EC0-301F-11D3-BF4B-00C04F79EFBC}") = "Cocktailizr", "Cocktailizr.csproj", "{EDCD31E4-3CE9-4179-9805-3F7A3094A395}"
EndProject
Project("{FAE04EC0-301F-11D3-BF4B-00C04F79EFBC}") = "CocktailizrClient", "..\CocktailizrClient\CocktailizrClient.csproj", "{DFA23BCA-455A-4E12-83F0-78EDAC02D9A2}"
	ProjectSection(ProjectDependencies) = postProject
		{EDCD31E4-3CE9-4179-9805-3F7A3094A395} = {EDCD31E4-3CE9-4179-9805-3F7A3094A395}
	EndProjectSection
EndProject
Project("{FAE04EC0-301F-11D3-BF4B-00C04F79EFBC}") = "CocktailizrTypes", "..\CocktailizrTypes\CocktailizrTypes.csproj", "{80438336-F2AA-4286-BB15-8B84D471CA45}"
EndProject
Global
	GlobalSection(SolutionConfigurationPlatforms) = preSolution
		Debug|Any CPU = Debug|Any CPU
		Release|Any CPU = Release|Any CPU
	EndGlobalSection
	GlobalSection(ProjectConfigurationPlatforms) = postSolution
		{EDCD31E4-3CE9-4179-9805-3F7A3094A395}.Debug|Any CPU.ActiveCfg = Debug|Any CPU
		{EDCD31E4-3CE9-4179-9805-3F7A3094A395}.Debug|Any CPU.Build.0 = Debug|Any CPU
		{EDCD31E4-3CE9-4179-9805-3F7A3094A395}.Release|Any CPU.ActiveCfg = Release|Any CPU
		{EDCD31E4-3CE9-4179-9805-3F7A3094A395}.Release|Any CPU.Build.0 = Release|Any CPU
		{DFA23BCA-455A-4E12-83F0-78EDAC02D9A2}.Debug|Any CPU.ActiveCfg = Debug|Any CPU
		{DFA23BCA-455A-4E12-83F0-78EDAC02D9A2}.Debug|Any CPU.Build.0 = Debug|Any CPU
		{DFA23BCA-455A-4E12-83F0-78EDAC02D9A2}.Release|Any CPU.ActiveCfg = Release|Any CPU
		{DFA23BCA-455A-4E12-83F0-78EDAC02D9A2}.Release|Any CPU.Build.0 = Release|Any CPU
		{80438336-F2AA-4286-BB15-8B84D471CA45}.Debug|Any CPU.ActiveCfg = Debug|Any CPU
		{80438336-F2AA-4286-BB15-8B84D471CA45}.Debug|Any CPU.Build.0 = Debug|Any CPU
		{80438336-F2AA-4286-BB15-8B84D471CA45}.Release|Any CPU.ActiveCfg = Release|Any CPU
		{80438336-F2AA-4286-BB15-8B84D471CA45}.Release|Any CPU.Build.0 = Release|Any CPU
	EndGlobalSection
	GlobalSection(SolutionProperties) = preSolution
		HideSolutionNode = FALSE
	EndGlobalSection
EndGlobal
